
Microsoft Visual Studio Solution File, Format Version 12.00
# Visual Studio Version 16
VisualStudioVersion = 16.0.30907.101
MinimumVisualStudioVersion = 10.0.40219.1
Project("{9A19103F-16F7-4668-BE54-9A1E7A4F7556}") = "Solutions", "Solutions\Solutions.csproj", "{AEA1D559-14A8-4BA9-B246-4D5E88D1AB98}"
EndProject
Project("{FAE04EC0-301F-11D3-BF4B-00C04F79EFBC}") = "Project1", "Project1\Project1.csproj", "{578F2A3E-FE6E-4FA6-9DC8-8A4DC518F09C}"
EndProject
Project("{FAE04EC0-301F-11D3-BF4B-00C04F79EFBC}") = "Tests", "Tests\Tests.csproj", "{9EFE026B-0C5B-4A93-B69E-9E11A87F0683}"
EndProject
Global
	GlobalSection(SolutionConfigurationPlatforms) = preSolution
		Debug|Any CPU = Debug|Any CPU
		Release|Any CPU = Release|Any CPU
	EndGlobalSection
	GlobalSection(ProjectConfigurationPlatforms) = postSolution
		{AEA1D559-14A8-4BA9-B246-4D5E88D1AB98}.Debug|Any CPU.ActiveCfg = Debug|Any CPU
		{AEA1D559-14A8-4BA9-B246-4D5E88D1AB98}.Debug|Any CPU.Build.0 = Debug|Any CPU
		{AEA1D559-14A8-4BA9-B246-4D5E88D1AB98}.Release|Any CPU.ActiveCfg = Release|Any CPU
		{AEA1D559-14A8-4BA9-B246-4D5E88D1AB98}.Release|Any CPU.Build.0 = Release|Any CPU
		{578F2A3E-FE6E-4FA6-9DC8-8A4DC518F09C}.Debug|Any CPU.ActiveCfg = Debug|Any CPU
		{578F2A3E-FE6E-4FA6-9DC8-8A4DC518F09C}.Debug|Any CPU.Build.0 = Debug|Any CPU
		{578F2A3E-FE6E-4FA6-9DC8-8A4DC518F09C}.Release|Any CPU.ActiveCfg = Release|Any CPU
		{578F2A3E-FE6E-4FA6-9DC8-8A4DC518F09C}.Release|Any CPU.Build.0 = Release|Any CPU
		{9EFE026B-0C5B-4A93-B69E-9E11A87F0683}.Debug|Any CPU.ActiveCfg = Debug|Any CPU
		{9EFE026B-0C5B-4A93-B69E-9E11A87F0683}.Debug|Any CPU.Build.0 = Debug|Any CPU
		{9EFE026B-0C5B-4A93-B69E-9E11A87F0683}.Release|Any CPU.ActiveCfg = Release|Any CPU
		{9EFE026B-0C5B-4A93-B69E-9E11A87F0683}.Release|Any CPU.Build.0 = Release|Any CPU
	EndGlobalSection
	GlobalSection(SolutionProperties) = preSolution
		HideSolutionNode = FALSE
	EndGlobalSection
	GlobalSection(ExtensibilityGlobals) = postSolution
		SolutionGuid = {96D0900C-F403-424A-9EF9-BEE305DBF20E}
	EndGlobalSection
EndGlobal
